
Microsoft Visual Studio Solution File, Format Version 12.00
# Visual Studio Version 17
VisualStudioVersion = 17.13.35828.75 d17.13
MinimumVisualStudioVersion = 10.0.40219.1
Project("{FAE04EC0-301F-11D3-BF4B-00C04F79EFBC}") = "NodePack", "NodePack\NodePack.csproj", "{1AEF3290-7A26-4CAA-811A-88CD0D5FC754}"
EndProject
Project("{FAE04EC0-301F-11D3-BF4B-00C04F79EFBC}") = "new", "new\new.csproj", "{760F7C7D-EB9B-4648-B0DD-FEA7CB33A194}"
EndProject
Project("{FAE04EC0-301F-11D3-BF4B-00C04F79EFBC}") = "Cylcylator", "Cylcylator\Cylcylator.csproj", "{1FC9F757-2C8B-4D59-93A8-D1B95DFC1AA7}"
EndProject
Global
	GlobalSection(SolutionConfigurationPlatforms) = preSolution
		Debug|Any CPU = Debug|Any CPU
		Release|Any CPU = Release|Any CPU
	EndGlobalSection
	GlobalSection(ProjectConfigurationPlatforms) = postSolution
		{1AEF3290-7A26-4CAA-811A-88CD0D5FC754}.Debug|Any CPU.ActiveCfg = Debug|Any CPU
		{1AEF3290-7A26-4CAA-811A-88CD0D5FC754}.Debug|Any CPU.Build.0 = Debug|Any CPU
		{1AEF3290-7A26-4CAA-811A-88CD0D5FC754}.Release|Any CPU.ActiveCfg = Release|Any CPU
		{1AEF3290-7A26-4CAA-811A-88CD0D5FC754}.Release|Any CPU.Build.0 = Release|Any CPU
		{760F7C7D-EB9B-4648-B0DD-FEA7CB33A194}.Debug|Any CPU.ActiveCfg = Debug|Any CPU
		{760F7C7D-EB9B-4648-B0DD-FEA7CB33A194}.Debug|Any CPU.Build.0 = Debug|Any CPU
		{760F7C7D-EB9B-4648-B0DD-FEA7CB33A194}.Release|Any CPU.ActiveCfg = Release|Any CPU
		{760F7C7D-EB9B-4648-B0DD-FEA7CB33A194}.Release|Any CPU.Build.0 = Release|Any CPU
		{1FC9F757-2C8B-4D59-93A8-D1B95DFC1AA7}.Debug|Any CPU.ActiveCfg = Debug|Any CPU
		{1FC9F757-2C8B-4D59-93A8-D1B95DFC1AA7}.Debug|Any CPU.Build.0 = Debug|Any CPU
		{1FC9F757-2C8B-4D59-93A8-D1B95DFC1AA7}.Release|Any CPU.ActiveCfg = Release|Any CPU
		{1FC9F757-2C8B-4D59-93A8-D1B95DFC1AA7}.Release|Any CPU.Build.0 = Release|Any CPU
	EndGlobalSection
	GlobalSection(SolutionProperties) = preSolution
		HideSolutionNode = FALSE
	EndGlobalSection
	GlobalSection(ExtensibilityGlobals) = postSolution
		SolutionGuid = {127F4652-8CEB-4E29-A8A2-571E15CDFBB7}
	EndGlobalSection
EndGlobal
